
Microsoft Visual Studio Solution File, Format Version 12.00
# Visual Studio Version 16
VisualStudioVersion = 16.0.31727.386
MinimumVisualStudioVersion = 10.0.40219.1
Project("{FAE04EC0-301F-11D3-BF4B-00C04F79EFBC}") = "CRUD_Personas_UI_UWP", "CRUD_Personas_UI_UWP\CRUD_Personas_UI_UWP.csproj", "{86779E1F-68EC-48A9-B87A-44C13FC14B7D}"
EndProject
Project("{FAE04EC0-301F-11D3-BF4B-00C04F79EFBC}") = "CRUD_Personas_UI_ASP", "CRUD_Personas_UI_ASP\CRUD_Personas_UI_ASP.csproj", "{AD02E9B2-CDED-4D70-8B43-75E3AADADF65}"
EndProject
Project("{FAE04EC0-301F-11D3-BF4B-00C04F79EFBC}") = "CRUD_Personas_Dal", "CRUD_Personas_Dal\CRUD_Personas_Dal.csproj", "{7AA7B410-832B-4F95-A809-34F2ECD3E9B4}"
EndProject
Project("{FAE04EC0-301F-11D3-BF4B-00C04F79EFBC}") = "CRUD_Personas_BL", "CRUD_Personas_BL\CRUD_Personas_BL.csproj", "{E7EBD4A5-2792-4CDB-8414-EFE631EA7133}"
EndProject
Project("{FAE04EC0-301F-11D3-BF4B-00C04F79EFBC}") = "CRUD_Personas_Entidades", "CRUD_Personas_Entidades\CRUD_Personas_Entidades.csproj", "{07B4C3DB-1363-4BF9-A315-8A3A35EFE49A}"
EndProject
Global
	GlobalSection(SolutionConfigurationPlatforms) = preSolution
		Debug|Any CPU = Debug|Any CPU
		Debug|ARM = Debug|ARM
		Debug|ARM64 = Debug|ARM64
		Debug|x64 = Debug|x64
		Debug|x86 = Debug|x86
		Release|Any CPU = Release|Any CPU
		Release|ARM = Release|ARM
		Release|ARM64 = Release|ARM64
		Release|x64 = Release|x64
		Release|x86 = Release|x86
	EndGlobalSection
	GlobalSection(ProjectConfigurationPlatforms) = postSolution
		{86779E1F-68EC-48A9-B87A-44C13FC14B7D}.Debug|Any CPU.ActiveCfg = Debug|x86
		{86779E1F-68EC-48A9-B87A-44C13FC14B7D}.Debug|ARM.ActiveCfg = Debug|ARM
		{86779E1F-68EC-48A9-B87A-44C13FC14B7D}.Debug|ARM.Build.0 = Debug|ARM
		{86779E1F-68EC-48A9-B87A-44C13FC14B7D}.Debug|ARM.Deploy.0 = Debug|ARM
		{86779E1F-68EC-48A9-B87A-44C13FC14B7D}.Debug|ARM64.ActiveCfg = Debug|ARM64
		{86779E1F-68EC-48A9-B87A-44C13FC14B7D}.Debug|ARM64.Build.0 = Debug|ARM64
		{86779E1F-68EC-48A9-B87A-44C13FC14B7D}.Debug|ARM64.Deploy.0 = Debug|ARM64
		{86779E1F-68EC-48A9-B87A-44C13FC14B7D}.Debug|x64.ActiveCfg = Debug|x64
		{86779E1F-68EC-48A9-B87A-44C13FC14B7D}.Debug|x64.Build.0 = Debug|x64
		{86779E1F-68EC-48A9-B87A-44C13FC14B7D}.Debug|x64.Deploy.0 = Debug|x64
		{86779E1F-68EC-48A9-B87A-44C13FC14B7D}.Debug|x86.ActiveCfg = Debug|x86
		{86779E1F-68EC-48A9-B87A-44C13FC14B7D}.Debug|x86.Build.0 = Debug|x86
		{86779E1F-68EC-48A9-B87A-44C13FC14B7D}.Debug|x86.Deploy.0 = Debug|x86
		{86779E1F-68EC-48A9-B87A-44C13FC14B7D}.Release|Any CPU.ActiveCfg = Release|x86
		{86779E1F-68EC-48A9-B87A-44C13FC14B7D}.Release|ARM.ActiveCfg = Release|ARM
		{86779E1F-68EC-48A9-B87A-44C13FC14B7D}.Release|ARM.Build.0 = Release|ARM
		{86779E1F-68EC-48A9-B87A-44C13FC14B7D}.Release|ARM.Deploy.0 = Release|ARM
		{86779E1F-68EC-48A9-B87A-44C13FC14B7D}.Release|ARM64.ActiveCfg = Release|ARM64
		{86779E1F-68EC-48A9-B87A-44C13FC14B7D}.Release|ARM64.Build.0 = Release|ARM64
		{86779E1F-68EC-48A9-B87A-44C13FC14B7D}.Release|ARM64.Deploy.0 = Release|ARM64
		{86779E1F-68EC-48A9-B87A-44C13FC14B7D}.Release|x64.ActiveCfg = Release|x64
		{86779E1F-68EC-48A9-B87A-44C13FC14B7D}.Release|x64.Build.0 = Release|x64
		{86779E1F-68EC-48A9-B87A-44C13FC14B7D}.Release|x64.Deploy.0 = Release|x64
		{86779E1F-68EC-48A9-B87A-44C13FC14B7D}.Release|x86.ActiveCfg = Release|x86
		{86779E1F-68EC-48A9-B87A-44C13FC14B7D}.Release|x86.Build.0 = Release|x86
		{86779E1F-68EC-48A9-B87A-44C13FC14B7D}.Release|x86.Deploy.0 = Release|x86
		{AD02E9B2-CDED-4D70-8B43-75E3AADADF65}.Debug|Any CPU.ActiveCfg = Debug|Any CPU
		{AD02E9B2-CDED-4D70-8B43-75E3AADADF65}.Debug|Any CPU.Build.0 = Debug|Any CPU
		{AD02E9B2-CDED-4D70-8B43-75E3AADADF65}.Debug|ARM.ActiveCfg = Debug|Any CPU
		{AD02E9B2-CDED-4D70-8B43-75E3AADADF65}.Debug|ARM.Build.0 = Debug|Any CPU
		{AD02E9B2-CDED-4D70-8B43-75E3AADADF65}.Debug|ARM64.ActiveCfg = Debug|Any CPU
		{AD02E9B2-CDED-4D70-8B43-75E3AADADF65}.Debug|ARM64.Build.0 = Debug|Any CPU
		{AD02E9B2-CDED-4D70-8B43-75E3AADADF65}.Debug|x64.ActiveCfg = Debug|Any CPU
		{AD02E9B2-CDED-4D70-8B43-75E3AADADF65}.Debug|x64.Build.0 = Debug|Any CPU
		{AD02E9B2-CDED-4D70-8B43-75E3AADADF65}.Debug|x86.ActiveCfg = Debug|Any CPU
		{AD02E9B2-CDED-4D70-8B43-75E3AADADF65}.Debug|x86.Build.0 = Debug|Any CPU
		{AD02E9B2-CDED-4D70-8B43-75E3AADADF65}.Release|Any CPU.ActiveCfg = Release|Any CPU
		{AD02E9B2-CDED-4D70-8B43-75E3AADADF65}.Release|Any CPU.Build.0 = Release|Any CPU
		{AD02E9B2-CDED-4D70-8B43-75E3AADADF65}.Release|ARM.ActiveCfg = Release|Any CPU
		{AD02E9B2-CDED-4D70-8B43-75E3AADADF65}.Release|ARM.Build.0 = Release|Any CPU
		{AD02E9B2-CDED-4D70-8B43-75E3AADADF65}.Release|ARM64.ActiveCfg = Release|Any CPU
		{AD02E9B2-CDED-4D70-8B43-75E3AADADF65}.Release|ARM64.Build.0 = Release|Any CPU
		{AD02E9B2-CDED-4D70-8B43-75E3AADADF65}.Release|x64.ActiveCfg = Release|Any CPU
		{AD02E9B2-CDED-4D70-8B43-75E3AADADF65}.Release|x64.Build.0 = Release|Any CPU
		{AD02E9B2-CDED-4D70-8B43-75E3AADADF65}.Release|x86.ActiveCfg = Release|Any CPU
		{AD02E9B2-CDED-4D70-8B43-75E3AADADF65}.Release|x86.Build.0 = Release|Any CPU
		{7AA7B410-832B-4F95-A809-34F2ECD3E9B4}.Debug|Any CPU.ActiveCfg = Debug|Any CPU
		{7AA7B410-832B-4F95-A809-34F2ECD3E9B4}.Debug|Any CPU.Build.0 = Debug|Any CPU
		{7AA7B410-832B-4F95-A809-34F2ECD3E9B4}.Debug|ARM.ActiveCfg = Debug|Any CPU
		{7AA7B410-832B-4F95-A809-34F2ECD3E9B4}.Debug|ARM.Build.0 = Debug|Any CPU
		{7AA7B410-832B-4F95-A809-34F2ECD3E9B4}.Debug|ARM64.ActiveCfg = Debug|Any CPU
		{7AA7B410-832B-4F95-A809-34F2ECD3E9B4}.Debug|ARM64.Build.0 = Debug|Any CPU
		{7AA7B410-832B-4F95-A809-34F2ECD3E9B4}.Debug|x64.ActiveCfg = Debug|Any CPU
		{7AA7B410-832B-4F95-A809-34F2ECD3E9B4}.Debug|x64.Build.0 = Debug|Any CPU
		{7AA7B410-832B-4F95-A809-34F2ECD3E9B4}.Debug|x86.ActiveCfg = Debug|Any CPU
		{7AA7B410-832B-4F95-A809-34F2ECD3E9B4}.Debug|x86.Build.0 = Debug|Any CPU
		{7AA7B410-832B-4F95-A809-34F2ECD3E9B4}.Release|Any CPU.ActiveCfg = Release|Any CPU
		{7AA7B410-832B-4F95-A809-34F2ECD3E9B4}.Release|Any CPU.Build.0 = Release|Any CPU
		{7AA7B410-832B-4F95-A809-34F2ECD3E9B4}.Release|ARM.ActiveCfg = Release|Any CPU
		{7AA7B410-832B-4F95-A809-34F2ECD3E9B4}.Release|ARM.Build.0 = Release|Any CPU
		{7AA7B410-832B-4F95-A809-34F2ECD3E9B4}.Release|ARM64.ActiveCfg = Release|Any CPU
		{7AA7B410-832B-4F95-A809-34F2ECD3E9B4}.Release|ARM64.Build.0 = Release|Any CPU
		{7AA7B410-832B-4F95-A809-34F2ECD3E9B4}.Release|x64.ActiveCfg = Release|Any CPU
		{7AA7B410-832B-4F95-A809-34F2ECD3E9B4}.Release|x64.Build.0 = Release|Any CPU
		{7AA7B410-832B-4F95-A809-34F2ECD3E9B4}.Release|x86.ActiveCfg = Release|Any CPU
		{7AA7B410-832B-4F95-A809-34F2ECD3E9B4}.Release|x86.Build.0 = Release|Any CPU
		{E7EBD4A5-2792-4CDB-8414-EFE631EA7133}.Debug|Any CPU.ActiveCfg = Debug|Any CPU
		{E7EBD4A5-2792-4CDB-8414-EFE631EA7133}.Debug|Any CPU.Build.0 = Debug|Any CPU
		{E7EBD4A5-2792-4CDB-8414-EFE631EA7133}.Debug|ARM.ActiveCfg = Debug|Any CPU
		{E7EBD4A5-2792-4CDB-8414-EFE631EA7133}.Debug|ARM.Build.0 = Debug|Any CPU
		{E7EBD4A5-2792-4CDB-8414-EFE631EA7133}.Debug|ARM64.ActiveCfg = Debug|Any CPU
		{E7EBD4A5-2792-4CDB-8414-EFE631EA7133}.Debug|ARM64.Build.0 = Debug|Any CPU
		{E7EBD4A5-2792-4CDB-8414-EFE631EA7133}.Debug|x64.ActiveCfg = Debug|Any CPU
		{E7EBD4A5-2792-4CDB-8414-EFE631EA7133}.Debug|x64.Build.0 = Debug|Any CPU
		{E7EBD4A5-2792-4CDB-8414-EFE631EA7133}.Debug|x86.ActiveCfg = Debug|Any CPU
		{E7EBD4A5-2792-4CDB-8414-EFE631EA7133}.Debug|x86.Build.0 = Debug|Any CPU
		{E7EBD4A5-2792-4CDB-8414-EFE631EA7133}.Release|Any CPU.ActiveCfg = Release|Any CPU
		{E7EBD4A5-2792-4CDB-8414-EFE631EA7133}.Release|Any CPU.Build.0 = Release|Any CPU
		{E7EBD4A5-2792-4CDB-8414-EFE631EA7133}.Release|ARM.ActiveCfg = Release|Any CPU
		{E7EBD4A5-2792-4CDB-8414-EFE631EA7133}.Release|ARM.Build.0 = Release|Any CPU
		{E7EBD4A5-2792-4CDB-8414-EFE631EA7133}.Release|ARM64.ActiveCfg = Release|Any CPU
		{E7EBD4A5-2792-4CDB-8414-EFE631EA7133}.Release|ARM64.Build.0 = Release|Any CPU
		{E7EBD4A5-2792-4CDB-8414-EFE631EA7133}.Release|x64.ActiveCfg = Release|Any CPU
		{E7EBD4A5-2792-4CDB-8414-EFE631EA7133}.Release|x64.Build.0 = Release|Any CPU
		{E7EBD4A5-2792-4CDB-8414-EFE631EA7133}.Release|x86.ActiveCfg = Release|Any CPU
		{E7EBD4A5-2792-4CDB-8414-EFE631EA7133}.Release|x86.Build.0 = Release|Any CPU
		{07B4C3DB-1363-4BF9-A315-8A3A35EFE49A}.Debug|Any CPU.ActiveCfg = Debug|Any CPU
		{07B4C3DB-1363-4BF9-A315-8A3A35EFE49A}.Debug|Any CPU.Build.0 = Debug|Any CPU
		{07B4C3DB-1363-4BF9-A315-8A3A35EFE49A}.Debug|ARM.ActiveCfg = Debug|Any CPU
		{07B4C3DB-1363-4BF9-A315-8A3A35EFE49A}.Debug|ARM.Build.0 = Debug|Any CPU
		{07B4C3DB-1363-4BF9-A315-8A3A35EFE49A}.Debug|ARM64.ActiveCfg = Debug|Any CPU
		{07B4C3DB-1363-4BF9-A315-8A3A35EFE49A}.Debug|ARM64.Build.0 = Debug|Any CPU
		{07B4C3DB-1363-4BF9-A315-8A3A35EFE49A}.Debug|x64.ActiveCfg = Debug|Any CPU
		{07B4C3DB-1363-4BF9-A315-8A3A35EFE49A}.Debug|x64.Build.0 = Debug|Any CPU
		{07B4C3DB-1363-4BF9-A315-8A3A35EFE49A}.Debug|x86.ActiveCfg = Debug|Any CPU
		{07B4C3DB-1363-4BF9-A315-8A3A35EFE49A}.Debug|x86.Build.0 = Debug|Any CPU
		{07B4C3DB-1363-4BF9-A315-8A3A35EFE49A}.Release|Any CPU.ActiveCfg = Release|Any CPU
		{07B4C3DB-1363-4BF9-A315-8A3A35EFE49A}.Release|Any CPU.Build.0 = Release|Any CPU
		{07B4C3DB-1363-4BF9-A315-8A3A35EFE49A}.Release|ARM.ActiveCfg = Release|Any CPU
		{07B4C3DB-1363-4BF9-A315-8A3A35EFE49A}.Release|ARM.Build.0 = Release|Any CPU
		{07B4C3DB-1363-4BF9-A315-8A3A35EFE49A}.Release|ARM64.ActiveCfg = Release|Any CPU
		{07B4C3DB-1363-4BF9-A315-8A3A35EFE49A}.Release|ARM64.Build.0 = Release|Any CPU
		{07B4C3DB-1363-4BF9-A315-8A3A35EFE49A}.Release|x64.ActiveCfg = Release|Any CPU
		{07B4C3DB-1363-4BF9-A315-8A3A35EFE49A}.Release|x64.Build.0 = Release|Any CPU
		{07B4C3DB-1363-4BF9-A315-8A3A35EFE49A}.Release|x86.ActiveCfg = Release|Any CPU
		{07B4C3DB-1363-4BF9-A315-8A3A35EFE49A}.Release|x86.Build.0 = Release|Any CPU
	EndGlobalSection
	GlobalSection(SolutionProperties) = preSolution
		HideSolutionNode = FALSE
	EndGlobalSection
	GlobalSection(ExtensibilityGlobals) = postSolution
		SolutionGuid = {C5BB3C59-901C-4921-BC80-1DA35356E6CF}
	EndGlobalSection
EndGlobal
