
Microsoft Visual Studio Solution File, Format Version 12.00
# Visual Studio Version 16
VisualStudioVersion = 16.0.31727.386
MinimumVisualStudioVersion = 10.0.40219.1
Project("{FAE04EC0-301F-11D3-BF4B-00C04F79EFBC}") = "Actividad1", "Actividad1\Actividad1.csproj", "{7BBE06E4-20DD-4FCD-AB62-3C78FB713710}"
EndProject
Project("{FAE04EC0-301F-11D3-BF4B-00C04F79EFBC}") = "Actividad2", "Actividad2\Actividad2.csproj", "{A7405FBB-18BE-45C2-A5B9-ED749129FA48}"
EndProject
Project("{FAE04EC0-301F-11D3-BF4B-00C04F79EFBC}") = "Actividad3", "Actividad3\Actividad3.csproj", "{A33529AF-D6F7-4A6D-AAEA-B7F2807F4EE9}"
EndProject
Project("{FAE04EC0-301F-11D3-BF4B-00C04F79EFBC}") = "Actividad4", "Actividad4\Actividad4.csproj", "{587604F3-FC46-45C9-8CA3-59D42C7AAE3F}"
EndProject
Global
	GlobalSection(SolutionConfigurationPlatforms) = preSolution
		Debug|ARM = Debug|ARM
		Debug|ARM64 = Debug|ARM64
		Debug|x64 = Debug|x64
		Debug|x86 = Debug|x86
		Release|ARM = Release|ARM
		Release|ARM64 = Release|ARM64
		Release|x64 = Release|x64
		Release|x86 = Release|x86
	EndGlobalSection
	GlobalSection(ProjectConfigurationPlatforms) = postSolution
		{7BBE06E4-20DD-4FCD-AB62-3C78FB713710}.Debug|ARM.ActiveCfg = Debug|ARM
		{7BBE06E4-20DD-4FCD-AB62-3C78FB713710}.Debug|ARM.Build.0 = Debug|ARM
		{7BBE06E4-20DD-4FCD-AB62-3C78FB713710}.Debug|ARM.Deploy.0 = Debug|ARM
		{7BBE06E4-20DD-4FCD-AB62-3C78FB713710}.Debug|ARM64.ActiveCfg = Debug|ARM64
		{7BBE06E4-20DD-4FCD-AB62-3C78FB713710}.Debug|ARM64.Build.0 = Debug|ARM64
		{7BBE06E4-20DD-4FCD-AB62-3C78FB713710}.Debug|ARM64.Deploy.0 = Debug|ARM64
		{7BBE06E4-20DD-4FCD-AB62-3C78FB713710}.Debug|x64.ActiveCfg = Debug|x64
		{7BBE06E4-20DD-4FCD-AB62-3C78FB713710}.Debug|x64.Build.0 = Debug|x64
		{7BBE06E4-20DD-4FCD-AB62-3C78FB713710}.Debug|x64.Deploy.0 = Debug|x64
		{7BBE06E4-20DD-4FCD-AB62-3C78FB713710}.Debug|x86.ActiveCfg = Debug|x86
		{7BBE06E4-20DD-4FCD-AB62-3C78FB713710}.Debug|x86.Build.0 = Debug|x86
		{7BBE06E4-20DD-4FCD-AB62-3C78FB713710}.Debug|x86.Deploy.0 = Debug|x86
		{7BBE06E4-20DD-4FCD-AB62-3C78FB713710}.Release|ARM.ActiveCfg = Release|ARM
		{7BBE06E4-20DD-4FCD-AB62-3C78FB713710}.Release|ARM.Build.0 = Release|ARM
		{7BBE06E4-20DD-4FCD-AB62-3C78FB713710}.Release|ARM.Deploy.0 = Release|ARM
		{7BBE06E4-20DD-4FCD-AB62-3C78FB713710}.Release|ARM64.ActiveCfg = Release|ARM64
		{7BBE06E4-20DD-4FCD-AB62-3C78FB713710}.Release|ARM64.Build.0 = Release|ARM64
		{7BBE06E4-20DD-4FCD-AB62-3C78FB713710}.Release|ARM64.Deploy.0 = Release|ARM64
		{7BBE06E4-20DD-4FCD-AB62-3C78FB713710}.Release|x64.ActiveCfg = Release|x64
		{7BBE06E4-20DD-4FCD-AB62-3C78FB713710}.Release|x64.Build.0 = Release|x64
		{7BBE06E4-20DD-4FCD-AB62-3C78FB713710}.Release|x64.Deploy.0 = Release|x64
		{7BBE06E4-20DD-4FCD-AB62-3C78FB713710}.Release|x86.ActiveCfg = Release|x86
		{7BBE06E4-20DD-4FCD-AB62-3C78FB713710}.Release|x86.Build.0 = Release|x86
		{7BBE06E4-20DD-4FCD-AB62-3C78FB713710}.Release|x86.Deploy.0 = Release|x86
		{A7405FBB-18BE-45C2-A5B9-ED749129FA48}.Debug|ARM.ActiveCfg = Debug|ARM
		{A7405FBB-18BE-45C2-A5B9-ED749129FA48}.Debug|ARM.Build.0 = Debug|ARM
		{A7405FBB-18BE-45C2-A5B9-ED749129FA48}.Debug|ARM.Deploy.0 = Debug|ARM
		{A7405FBB-18BE-45C2-A5B9-ED749129FA48}.Debug|ARM64.ActiveCfg = Debug|ARM64
		{A7405FBB-18BE-45C2-A5B9-ED749129FA48}.Debug|ARM64.Build.0 = Debug|ARM64
		{A7405FBB-18BE-45C2-A5B9-ED749129FA48}.Debug|ARM64.Deploy.0 = Debug|ARM64
		{A7405FBB-18BE-45C2-A5B9-ED749129FA48}.Debug|x64.ActiveCfg = Debug|x64
		{A7405FBB-18BE-45C2-A5B9-ED749129FA48}.Debug|x64.Build.0 = Debug|x64
		{A7405FBB-18BE-45C2-A5B9-ED749129FA48}.Debug|x64.Deploy.0 = Debug|x64
		{A7405FBB-18BE-45C2-A5B9-ED749129FA48}.Debug|x86.ActiveCfg = Debug|x86
		{A7405FBB-18BE-45C2-A5B9-ED749129FA48}.Debug|x86.Build.0 = Debug|x86
		{A7405FBB-18BE-45C2-A5B9-ED749129FA48}.Debug|x86.Deploy.0 = Debug|x86
		{A7405FBB-18BE-45C2-A5B9-ED749129FA48}.Release|ARM.ActiveCfg = Release|ARM
		{A7405FBB-18BE-45C2-A5B9-ED749129FA48}.Release|ARM.Build.0 = Release|ARM
		{A7405FBB-18BE-45C2-A5B9-ED749129FA48}.Release|ARM.Deploy.0 = Release|ARM
		{A7405FBB-18BE-45C2-A5B9-ED749129FA48}.Release|ARM64.ActiveCfg = Release|ARM64
		{A7405FBB-18BE-45C2-A5B9-ED749129FA48}.Release|ARM64.Build.0 = Release|ARM64
		{A7405FBB-18BE-45C2-A5B9-ED749129FA48}.Release|ARM64.Deploy.0 = Release|ARM64
		{A7405FBB-18BE-45C2-A5B9-ED749129FA48}.Release|x64.ActiveCfg = Release|x64
		{A7405FBB-18BE-45C2-A5B9-ED749129FA48}.Release|x64.Build.0 = Release|x64
		{A7405FBB-18BE-45C2-A5B9-ED749129FA48}.Release|x64.Deploy.0 = Release|x64
		{A7405FBB-18BE-45C2-A5B9-ED749129FA48}.Release|x86.ActiveCfg = Release|x86
		{A7405FBB-18BE-45C2-A5B9-ED749129FA48}.Release|x86.Build.0 = Release|x86
		{A7405FBB-18BE-45C2-A5B9-ED749129FA48}.Release|x86.Deploy.0 = Release|x86
		{A33529AF-D6F7-4A6D-AAEA-B7F2807F4EE9}.Debug|ARM.ActiveCfg = Debug|ARM
		{A33529AF-D6F7-4A6D-AAEA-B7F2807F4EE9}.Debug|ARM.Build.0 = Debug|ARM
		{A33529AF-D6F7-4A6D-AAEA-B7F2807F4EE9}.Debug|ARM.Deploy.0 = Debug|ARM
		{A33529AF-D6F7-4A6D-AAEA-B7F2807F4EE9}.Debug|ARM64.ActiveCfg = Debug|ARM64
		{A33529AF-D6F7-4A6D-AAEA-B7F2807F4EE9}.Debug|ARM64.Build.0 = Debug|ARM64
		{A33529AF-D6F7-4A6D-AAEA-B7F2807F4EE9}.Debug|ARM64.Deploy.0 = Debug|ARM64
		{A33529AF-D6F7-4A6D-AAEA-B7F2807F4EE9}.Debug|x64.ActiveCfg = Debug|x64
		{A33529AF-D6F7-4A6D-AAEA-B7F2807F4EE9}.Debug|x64.Build.0 = Debug|x64
		{A33529AF-D6F7-4A6D-AAEA-B7F2807F4EE9}.Debug|x64.Deploy.0 = Debug|x64
		{A33529AF-D6F7-4A6D-AAEA-B7F2807F4EE9}.Debug|x86.ActiveCfg = Debug|x86
		{A33529AF-D6F7-4A6D-AAEA-B7F2807F4EE9}.Debug|x86.Build.0 = Debug|x86
		{A33529AF-D6F7-4A6D-AAEA-B7F2807F4EE9}.Debug|x86.Deploy.0 = Debug|x86
		{A33529AF-D6F7-4A6D-AAEA-B7F2807F4EE9}.Release|ARM.ActiveCfg = Release|ARM
		{A33529AF-D6F7-4A6D-AAEA-B7F2807F4EE9}.Release|ARM.Build.0 = Release|ARM
		{A33529AF-D6F7-4A6D-AAEA-B7F2807F4EE9}.Release|ARM.Deploy.0 = Release|ARM
		{A33529AF-D6F7-4A6D-AAEA-B7F2807F4EE9}.Release|ARM64.ActiveCfg = Release|ARM64
		{A33529AF-D6F7-4A6D-AAEA-B7F2807F4EE9}.Release|ARM64.Build.0 = Release|ARM64
		{A33529AF-D6F7-4A6D-AAEA-B7F2807F4EE9}.Release|ARM64.Deploy.0 = Release|ARM64
		{A33529AF-D6F7-4A6D-AAEA-B7F2807F4EE9}.Release|x64.ActiveCfg = Release|x64
		{A33529AF-D6F7-4A6D-AAEA-B7F2807F4EE9}.Release|x64.Build.0 = Release|x64
		{A33529AF-D6F7-4A6D-AAEA-B7F2807F4EE9}.Release|x64.Deploy.0 = Release|x64
		{A33529AF-D6F7-4A6D-AAEA-B7F2807F4EE9}.Release|x86.ActiveCfg = Release|x86
		{A33529AF-D6F7-4A6D-AAEA-B7F2807F4EE9}.Release|x86.Build.0 = Release|x86
		{A33529AF-D6F7-4A6D-AAEA-B7F2807F4EE9}.Release|x86.Deploy.0 = Release|x86
		{587604F3-FC46-45C9-8CA3-59D42C7AAE3F}.Debug|ARM.ActiveCfg = Debug|ARM
		{587604F3-FC46-45C9-8CA3-59D42C7AAE3F}.Debug|ARM.Build.0 = Debug|ARM
		{587604F3-FC46-45C9-8CA3-59D42C7AAE3F}.Debug|ARM.Deploy.0 = Debug|ARM
		{587604F3-FC46-45C9-8CA3-59D42C7AAE3F}.Debug|ARM64.ActiveCfg = Debug|ARM64
		{587604F3-FC46-45C9-8CA3-59D42C7AAE3F}.Debug|ARM64.Build.0 = Debug|ARM64
		{587604F3-FC46-45C9-8CA3-59D42C7AAE3F}.Debug|ARM64.Deploy.0 = Debug|ARM64
		{587604F3-FC46-45C9-8CA3-59D42C7AAE3F}.Debug|x64.ActiveCfg = Debug|x64
		{587604F3-FC46-45C9-8CA3-59D42C7AAE3F}.Debug|x64.Build.0 = Debug|x64
		{587604F3-FC46-45C9-8CA3-59D42C7AAE3F}.Debug|x64.Deploy.0 = Debug|x64
		{587604F3-FC46-45C9-8CA3-59D42C7AAE3F}.Debug|x86.ActiveCfg = Debug|x86
		{587604F3-FC46-45C9-8CA3-59D42C7AAE3F}.Debug|x86.Build.0 = Debug|x86
		{587604F3-FC46-45C9-8CA3-59D42C7AAE3F}.Debug|x86.Deploy.0 = Debug|x86
		{587604F3-FC46-45C9-8CA3-59D42C7AAE3F}.Release|ARM.ActiveCfg = Release|ARM
		{587604F3-FC46-45C9-8CA3-59D42C7AAE3F}.Release|ARM.Build.0 = Release|ARM
		{587604F3-FC46-45C9-8CA3-59D42C7AAE3F}.Release|ARM.Deploy.0 = Release|ARM
		{587604F3-FC46-45C9-8CA3-59D42C7AAE3F}.Release|ARM64.ActiveCfg = Release|ARM64
		{587604F3-FC46-45C9-8CA3-59D42C7AAE3F}.Release|ARM64.Build.0 = Release|ARM64
		{587604F3-FC46-45C9-8CA3-59D42C7AAE3F}.Release|ARM64.Deploy.0 = Release|ARM64
		{587604F3-FC46-45C9-8CA3-59D42C7AAE3F}.Release|x64.ActiveCfg = Release|x64
		{587604F3-FC46-45C9-8CA3-59D42C7AAE3F}.Release|x64.Build.0 = Release|x64
		{587604F3-FC46-45C9-8CA3-59D42C7AAE3F}.Release|x64.Deploy.0 = Release|x64
		{587604F3-FC46-45C9-8CA3-59D42C7AAE3F}.Release|x86.ActiveCfg = Release|x86
		{587604F3-FC46-45C9-8CA3-59D42C7AAE3F}.Release|x86.Build.0 = Release|x86
		{587604F3-FC46-45C9-8CA3-59D42C7AAE3F}.Release|x86.Deploy.0 = Release|x86
	EndGlobalSection
	GlobalSection(SolutionProperties) = preSolution
		HideSolutionNode = FALSE
	EndGlobalSection
	GlobalSection(ExtensibilityGlobals) = postSolution
		SolutionGuid = {1519F37A-FFCB-4DE7-84F1-01D27C73C10B}
	EndGlobalSection
EndGlobal
