
Microsoft Visual Studio Solution File, Format Version 12.00
# Visual Studio Version 16
VisualStudioVersion = 16.0.31727.386
MinimumVisualStudioVersion = 10.0.40219.1
Project("{FAE04EC0-301F-11D3-BF4B-00C04F79EFBC}") = "HolaMundoUI.UWP", "HolaMundoUI\HolaMundoUI.UWP\HolaMundoUI.UWP.csproj", "{D7C340A2-31CD-4342-AC47-BA0D09051BAB}"
EndProject
Project("{FAE04EC0-301F-11D3-BF4B-00C04F79EFBC}") = "HolaMundoUI.Android", "HolaMundoUI\HolaMundoUI.Android\HolaMundoUI.Android.csproj", "{B0C309F7-03A3-4F9B-808B-3D9F7C2E0857}"
EndProject
Project("{FAE04EC0-301F-11D3-BF4B-00C04F79EFBC}") = "HolaMundoUI.iOS", "HolaMundoUI\HolaMundoUI.iOS\HolaMundoUI.iOS.csproj", "{ACE5A777-A0DD-4A7D-9280-F24DAA7313C3}"
EndProject
Project("{FAE04EC0-301F-11D3-BF4B-00C04F79EFBC}") = "HolaMundoUI", "HolaMundoUI\HolaMundoUI\HolaMundoUI.csproj", "{E8A99BEB-5CAF-4AB3-A11A-A1F4FB281C99}"
EndProject
Global
	GlobalSection(SolutionConfigurationPlatforms) = preSolution
		Debug|Any CPU = Debug|Any CPU
		Debug|ARM = Debug|ARM
		Debug|iPhone = Debug|iPhone
		Debug|iPhoneSimulator = Debug|iPhoneSimulator
		Debug|x64 = Debug|x64
		Debug|x86 = Debug|x86
		Release|Any CPU = Release|Any CPU
		Release|ARM = Release|ARM
		Release|iPhone = Release|iPhone
		Release|iPhoneSimulator = Release|iPhoneSimulator
		Release|x64 = Release|x64
		Release|x86 = Release|x86
	EndGlobalSection
	GlobalSection(ProjectConfigurationPlatforms) = postSolution
		{D7C340A2-31CD-4342-AC47-BA0D09051BAB}.Debug|Any CPU.ActiveCfg = Debug|x86
		{D7C340A2-31CD-4342-AC47-BA0D09051BAB}.Debug|Any CPU.Build.0 = Debug|x86
		{D7C340A2-31CD-4342-AC47-BA0D09051BAB}.Debug|Any CPU.Deploy.0 = Debug|x86
		{D7C340A2-31CD-4342-AC47-BA0D09051BAB}.Debug|ARM.ActiveCfg = Debug|ARM
		{D7C340A2-31CD-4342-AC47-BA0D09051BAB}.Debug|ARM.Build.0 = Debug|ARM
		{D7C340A2-31CD-4342-AC47-BA0D09051BAB}.Debug|ARM.Deploy.0 = Debug|ARM
		{D7C340A2-31CD-4342-AC47-BA0D09051BAB}.Debug|iPhone.ActiveCfg = Debug|x86
		{D7C340A2-31CD-4342-AC47-BA0D09051BAB}.Debug|iPhone.Build.0 = Debug|x86
		{D7C340A2-31CD-4342-AC47-BA0D09051BAB}.Debug|iPhone.Deploy.0 = Debug|x86
		{D7C340A2-31CD-4342-AC47-BA0D09051BAB}.Debug|iPhoneSimulator.ActiveCfg = Debug|x86
		{D7C340A2-31CD-4342-AC47-BA0D09051BAB}.Debug|iPhoneSimulator.Build.0 = Debug|x86
		{D7C340A2-31CD-4342-AC47-BA0D09051BAB}.Debug|iPhoneSimulator.Deploy.0 = Debug|x86
		{D7C340A2-31CD-4342-AC47-BA0D09051BAB}.Debug|x64.ActiveCfg = Debug|x64
		{D7C340A2-31CD-4342-AC47-BA0D09051BAB}.Debug|x64.Build.0 = Debug|x64
		{D7C340A2-31CD-4342-AC47-BA0D09051BAB}.Debug|x64.Deploy.0 = Debug|x64
		{D7C340A2-31CD-4342-AC47-BA0D09051BAB}.Debug|x86.ActiveCfg = Debug|x86
		{D7C340A2-31CD-4342-AC47-BA0D09051BAB}.Debug|x86.Build.0 = Debug|x86
		{D7C340A2-31CD-4342-AC47-BA0D09051BAB}.Debug|x86.Deploy.0 = Debug|x86
		{D7C340A2-31CD-4342-AC47-BA0D09051BAB}.Release|Any CPU.ActiveCfg = Release|x86
		{D7C340A2-31CD-4342-AC47-BA0D09051BAB}.Release|Any CPU.Build.0 = Release|x86
		{D7C340A2-31CD-4342-AC47-BA0D09051BAB}.Release|Any CPU.Deploy.0 = Release|x86
		{D7C340A2-31CD-4342-AC47-BA0D09051BAB}.Release|ARM.ActiveCfg = Release|ARM
		{D7C340A2-31CD-4342-AC47-BA0D09051BAB}.Release|ARM.Build.0 = Release|ARM
		{D7C340A2-31CD-4342-AC47-BA0D09051BAB}.Release|ARM.Deploy.0 = Release|ARM
		{D7C340A2-31CD-4342-AC47-BA0D09051BAB}.Release|iPhone.ActiveCfg = Release|x86
		{D7C340A2-31CD-4342-AC47-BA0D09051BAB}.Release|iPhone.Build.0 = Release|x86
		{D7C340A2-31CD-4342-AC47-BA0D09051BAB}.Release|iPhone.Deploy.0 = Release|x86
		{D7C340A2-31CD-4342-AC47-BA0D09051BAB}.Release|iPhoneSimulator.ActiveCfg = Release|x86
		{D7C340A2-31CD-4342-AC47-BA0D09051BAB}.Release|iPhoneSimulator.Build.0 = Release|x86
		{D7C340A2-31CD-4342-AC47-BA0D09051BAB}.Release|iPhoneSimulator.Deploy.0 = Release|x86
		{D7C340A2-31CD-4342-AC47-BA0D09051BAB}.Release|x64.ActiveCfg = Release|x64
		{D7C340A2-31CD-4342-AC47-BA0D09051BAB}.Release|x64.Build.0 = Release|x64
		{D7C340A2-31CD-4342-AC47-BA0D09051BAB}.Release|x64.Deploy.0 = Release|x64
		{D7C340A2-31CD-4342-AC47-BA0D09051BAB}.Release|x86.ActiveCfg = Release|x86
		{D7C340A2-31CD-4342-AC47-BA0D09051BAB}.Release|x86.Build.0 = Release|x86
		{D7C340A2-31CD-4342-AC47-BA0D09051BAB}.Release|x86.Deploy.0 = Release|x86
		{B0C309F7-03A3-4F9B-808B-3D9F7C2E0857}.Debug|Any CPU.ActiveCfg = Debug|Any CPU
		{B0C309F7-03A3-4F9B-808B-3D9F7C2E0857}.Debug|Any CPU.Build.0 = Debug|Any CPU
		{B0C309F7-03A3-4F9B-808B-3D9F7C2E0857}.Debug|Any CPU.Deploy.0 = Debug|Any CPU
		{B0C309F7-03A3-4F9B-808B-3D9F7C2E0857}.Debug|ARM.ActiveCfg = Debug|Any CPU
		{B0C309F7-03A3-4F9B-808B-3D9F7C2E0857}.Debug|ARM.Build.0 = Debug|Any CPU
		{B0C309F7-03A3-4F9B-808B-3D9F7C2E0857}.Debug|ARM.Deploy.0 = Debug|Any CPU
		{B0C309F7-03A3-4F9B-808B-3D9F7C2E0857}.Debug|iPhone.ActiveCfg = Debug|Any CPU
		{B0C309F7-03A3-4F9B-808B-3D9F7C2E0857}.Debug|iPhone.Build.0 = Debug|Any CPU
		{B0C309F7-03A3-4F9B-808B-3D9F7C2E0857}.Debug|iPhone.Deploy.0 = Debug|Any CPU
		{B0C309F7-03A3-4F9B-808B-3D9F7C2E0857}.Debug|iPhoneSimulator.ActiveCfg = Debug|Any CPU
		{B0C309F7-03A3-4F9B-808B-3D9F7C2E0857}.Debug|iPhoneSimulator.Build.0 = Debug|Any CPU
		{B0C309F7-03A3-4F9B-808B-3D9F7C2E0857}.Debug|iPhoneSimulator.Deploy.0 = Debug|Any CPU
		{B0C309F7-03A3-4F9B-808B-3D9F7C2E0857}.Debug|x64.ActiveCfg = Debug|Any CPU
		{B0C309F7-03A3-4F9B-808B-3D9F7C2E0857}.Debug|x64.Build.0 = Debug|Any CPU
		{B0C309F7-03A3-4F9B-808B-3D9F7C2E0857}.Debug|x64.Deploy.0 = Debug|Any CPU
		{B0C309F7-03A3-4F9B-808B-3D9F7C2E0857}.Debug|x86.ActiveCfg = Debug|Any CPU
		{B0C309F7-03A3-4F9B-808B-3D9F7C2E0857}.Debug|x86.Build.0 = Debug|Any CPU
		{B0C309F7-03A3-4F9B-808B-3D9F7C2E0857}.Debug|x86.Deploy.0 = Debug|Any CPU
		{B0C309F7-03A3-4F9B-808B-3D9F7C2E0857}.Release|Any CPU.ActiveCfg = Release|Any CPU
		{B0C309F7-03A3-4F9B-808B-3D9F7C2E0857}.Release|Any CPU.Build.0 = Release|Any CPU
		{B0C309F7-03A3-4F9B-808B-3D9F7C2E0857}.Release|Any CPU.Deploy.0 = Release|Any CPU
		{B0C309F7-03A3-4F9B-808B-3D9F7C2E0857}.Release|ARM.ActiveCfg = Release|Any CPU
		{B0C309F7-03A3-4F9B-808B-3D9F7C2E0857}.Release|ARM.Build.0 = Release|Any CPU
		{B0C309F7-03A3-4F9B-808B-3D9F7C2E0857}.Release|ARM.Deploy.0 = Release|Any CPU
		{B0C309F7-03A3-4F9B-808B-3D9F7C2E0857}.Release|iPhone.ActiveCfg = Release|Any CPU
		{B0C309F7-03A3-4F9B-808B-3D9F7C2E0857}.Release|iPhone.Build.0 = Release|Any CPU
		{B0C309F7-03A3-4F9B-808B-3D9F7C2E0857}.Release|iPhone.Deploy.0 = Release|Any CPU
		{B0C309F7-03A3-4F9B-808B-3D9F7C2E0857}.Release|iPhoneSimulator.ActiveCfg = Release|Any CPU
		{B0C309F7-03A3-4F9B-808B-3D9F7C2E0857}.Release|iPhoneSimulator.Build.0 = Release|Any CPU
		{B0C309F7-03A3-4F9B-808B-3D9F7C2E0857}.Release|iPhoneSimulator.Deploy.0 = Release|Any CPU
		{B0C309F7-03A3-4F9B-808B-3D9F7C2E0857}.Release|x64.ActiveCfg = Release|Any CPU
		{B0C309F7-03A3-4F9B-808B-3D9F7C2E0857}.Release|x64.Build.0 = Release|Any CPU
		{B0C309F7-03A3-4F9B-808B-3D9F7C2E0857}.Release|x64.Deploy.0 = Release|Any CPU
		{B0C309F7-03A3-4F9B-808B-3D9F7C2E0857}.Release|x86.ActiveCfg = Release|Any CPU
		{B0C309F7-03A3-4F9B-808B-3D9F7C2E0857}.Release|x86.Build.0 = Release|Any CPU
		{B0C309F7-03A3-4F9B-808B-3D9F7C2E0857}.Release|x86.Deploy.0 = Release|Any CPU
		{ACE5A777-A0DD-4A7D-9280-F24DAA7313C3}.Debug|Any CPU.ActiveCfg = Debug|iPhoneSimulator
		{ACE5A777-A0DD-4A7D-9280-F24DAA7313C3}.Debug|Any CPU.Build.0 = Debug|iPhoneSimulator
		{ACE5A777-A0DD-4A7D-9280-F24DAA7313C3}.Debug|Any CPU.Deploy.0 = Debug|iPhoneSimulator
		{ACE5A777-A0DD-4A7D-9280-F24DAA7313C3}.Debug|ARM.ActiveCfg = Debug|iPhone
		{ACE5A777-A0DD-4A7D-9280-F24DAA7313C3}.Debug|ARM.Build.0 = Debug|iPhone
		{ACE5A777-A0DD-4A7D-9280-F24DAA7313C3}.Debug|ARM.Deploy.0 = Debug|iPhone
		{ACE5A777-A0DD-4A7D-9280-F24DAA7313C3}.Debug|iPhone.ActiveCfg = Debug|iPhone
		{ACE5A777-A0DD-4A7D-9280-F24DAA7313C3}.Debug|iPhone.Build.0 = Debug|iPhone
		{ACE5A777-A0DD-4A7D-9280-F24DAA7313C3}.Debug|iPhone.Deploy.0 = Debug|iPhone
		{ACE5A777-A0DD-4A7D-9280-F24DAA7313C3}.Debug|iPhoneSimulator.ActiveCfg = Debug|iPhoneSimulator
		{ACE5A777-A0DD-4A7D-9280-F24DAA7313C3}.Debug|iPhoneSimulator.Build.0 = Debug|iPhoneSimulator
		{ACE5A777-A0DD-4A7D-9280-F24DAA7313C3}.Debug|iPhoneSimulator.Deploy.0 = Debug|iPhoneSimulator
		{ACE5A777-A0DD-4A7D-9280-F24DAA7313C3}.Debug|x64.ActiveCfg = Debug|iPhoneSimulator
		{ACE5A777-A0DD-4A7D-9280-F24DAA7313C3}.Debug|x64.Build.0 = Debug|iPhoneSimulator
		{ACE5A777-A0DD-4A7D-9280-F24DAA7313C3}.Debug|x64.Deploy.0 = Debug|iPhoneSimulator
		{ACE5A777-A0DD-4A7D-9280-F24DAA7313C3}.Debug|x86.ActiveCfg = Debug|iPhoneSimulator
		{ACE5A777-A0DD-4A7D-9280-F24DAA7313C3}.Debug|x86.Build.0 = Debug|iPhoneSimulator
		{ACE5A777-A0DD-4A7D-9280-F24DAA7313C3}.Debug|x86.Deploy.0 = Debug|iPhoneSimulator
		{ACE5A777-A0DD-4A7D-9280-F24DAA7313C3}.Release|Any CPU.ActiveCfg = Release|iPhoneSimulator
		{ACE5A777-A0DD-4A7D-9280-F24DAA7313C3}.Release|Any CPU.Build.0 = Release|iPhoneSimulator
		{ACE5A777-A0DD-4A7D-9280-F24DAA7313C3}.Release|Any CPU.Deploy.0 = Release|iPhoneSimulator
		{ACE5A777-A0DD-4A7D-9280-F24DAA7313C3}.Release|ARM.ActiveCfg = Release|iPhoneSimulator
		{ACE5A777-A0DD-4A7D-9280-F24DAA7313C3}.Release|ARM.Build.0 = Release|iPhoneSimulator
		{ACE5A777-A0DD-4A7D-9280-F24DAA7313C3}.Release|ARM.Deploy.0 = Release|iPhoneSimulator
		{ACE5A777-A0DD-4A7D-9280-F24DAA7313C3}.Release|iPhone.ActiveCfg = Release|iPhone
		{ACE5A777-A0DD-4A7D-9280-F24DAA7313C3}.Release|iPhone.Build.0 = Release|iPhone
		{ACE5A777-A0DD-4A7D-9280-F24DAA7313C3}.Release|iPhone.Deploy.0 = Release|iPhone
		{ACE5A777-A0DD-4A7D-9280-F24DAA7313C3}.Release|iPhoneSimulator.ActiveCfg = Release|iPhoneSimulator
		{ACE5A777-A0DD-4A7D-9280-F24DAA7313C3}.Release|iPhoneSimulator.Build.0 = Release|iPhoneSimulator
		{ACE5A777-A0DD-4A7D-9280-F24DAA7313C3}.Release|iPhoneSimulator.Deploy.0 = Release|iPhoneSimulator
		{ACE5A777-A0DD-4A7D-9280-F24DAA7313C3}.Release|x64.ActiveCfg = Release|iPhoneSimulator
		{ACE5A777-A0DD-4A7D-9280-F24DAA7313C3}.Release|x64.Build.0 = Release|iPhoneSimulator
		{ACE5A777-A0DD-4A7D-9280-F24DAA7313C3}.Release|x64.Deploy.0 = Release|iPhoneSimulator
		{ACE5A777-A0DD-4A7D-9280-F24DAA7313C3}.Release|x86.ActiveCfg = Release|iPhoneSimulator
		{ACE5A777-A0DD-4A7D-9280-F24DAA7313C3}.Release|x86.Build.0 = Release|iPhoneSimulator
		{ACE5A777-A0DD-4A7D-9280-F24DAA7313C3}.Release|x86.Deploy.0 = Release|iPhoneSimulator
		{E8A99BEB-5CAF-4AB3-A11A-A1F4FB281C99}.Debug|Any CPU.ActiveCfg = Debug|Any CPU
		{E8A99BEB-5CAF-4AB3-A11A-A1F4FB281C99}.Debug|Any CPU.Build.0 = Debug|Any CPU
		{E8A99BEB-5CAF-4AB3-A11A-A1F4FB281C99}.Debug|Any CPU.Deploy.0 = Debug|Any CPU
		{E8A99BEB-5CAF-4AB3-A11A-A1F4FB281C99}.Debug|ARM.ActiveCfg = Debug|Any CPU
		{E8A99BEB-5CAF-4AB3-A11A-A1F4FB281C99}.Debug|ARM.Build.0 = Debug|Any CPU
		{E8A99BEB-5CAF-4AB3-A11A-A1F4FB281C99}.Debug|ARM.Deploy.0 = Debug|Any CPU
		{E8A99BEB-5CAF-4AB3-A11A-A1F4FB281C99}.Debug|iPhone.ActiveCfg = Debug|Any CPU
		{E8A99BEB-5CAF-4AB3-A11A-A1F4FB281C99}.Debug|iPhone.Build.0 = Debug|Any CPU
		{E8A99BEB-5CAF-4AB3-A11A-A1F4FB281C99}.Debug|iPhone.Deploy.0 = Debug|Any CPU
		{E8A99BEB-5CAF-4AB3-A11A-A1F4FB281C99}.Debug|iPhoneSimulator.ActiveCfg = Debug|Any CPU
		{E8A99BEB-5CAF-4AB3-A11A-A1F4FB281C99}.Debug|iPhoneSimulator.Build.0 = Debug|Any CPU
		{E8A99BEB-5CAF-4AB3-A11A-A1F4FB281C99}.Debug|iPhoneSimulator.Deploy.0 = Debug|Any CPU
		{E8A99BEB-5CAF-4AB3-A11A-A1F4FB281C99}.Debug|x64.ActiveCfg = Debug|Any CPU
		{E8A99BEB-5CAF-4AB3-A11A-A1F4FB281C99}.Debug|x64.Build.0 = Debug|Any CPU
		{E8A99BEB-5CAF-4AB3-A11A-A1F4FB281C99}.Debug|x64.Deploy.0 = Debug|Any CPU
		{E8A99BEB-5CAF-4AB3-A11A-A1F4FB281C99}.Debug|x86.ActiveCfg = Debug|Any CPU
		{E8A99BEB-5CAF-4AB3-A11A-A1F4FB281C99}.Debug|x86.Build.0 = Debug|Any CPU
		{E8A99BEB-5CAF-4AB3-A11A-A1F4FB281C99}.Debug|x86.Deploy.0 = Debug|Any CPU
		{E8A99BEB-5CAF-4AB3-A11A-A1F4FB281C99}.Release|Any CPU.ActiveCfg = Release|Any CPU
		{E8A99BEB-5CAF-4AB3-A11A-A1F4FB281C99}.Release|Any CPU.Build.0 = Release|Any CPU
		{E8A99BEB-5CAF-4AB3-A11A-A1F4FB281C99}.Release|Any CPU.Deploy.0 = Release|Any CPU
		{E8A99BEB-5CAF-4AB3-A11A-A1F4FB281C99}.Release|ARM.ActiveCfg = Release|Any CPU
		{E8A99BEB-5CAF-4AB3-A11A-A1F4FB281C99}.Release|ARM.Build.0 = Release|Any CPU
		{E8A99BEB-5CAF-4AB3-A11A-A1F4FB281C99}.Release|ARM.Deploy.0 = Release|Any CPU
		{E8A99BEB-5CAF-4AB3-A11A-A1F4FB281C99}.Release|iPhone.ActiveCfg = Release|Any CPU
		{E8A99BEB-5CAF-4AB3-A11A-A1F4FB281C99}.Release|iPhone.Build.0 = Release|Any CPU
		{E8A99BEB-5CAF-4AB3-A11A-A1F4FB281C99}.Release|iPhone.Deploy.0 = Release|Any CPU
		{E8A99BEB-5CAF-4AB3-A11A-A1F4FB281C99}.Release|iPhoneSimulator.ActiveCfg = Release|Any CPU
		{E8A99BEB-5CAF-4AB3-A11A-A1F4FB281C99}.Release|iPhoneSimulator.Build.0 = Release|Any CPU
		{E8A99BEB-5CAF-4AB3-A11A-A1F4FB281C99}.Release|iPhoneSimulator.Deploy.0 = Release|Any CPU
		{E8A99BEB-5CAF-4AB3-A11A-A1F4FB281C99}.Release|x64.ActiveCfg = Release|Any CPU
		{E8A99BEB-5CAF-4AB3-A11A-A1F4FB281C99}.Release|x64.Build.0 = Release|Any CPU
		{E8A99BEB-5CAF-4AB3-A11A-A1F4FB281C99}.Release|x64.Deploy.0 = Release|Any CPU
		{E8A99BEB-5CAF-4AB3-A11A-A1F4FB281C99}.Release|x86.ActiveCfg = Release|Any CPU
		{E8A99BEB-5CAF-4AB3-A11A-A1F4FB281C99}.Release|x86.Build.0 = Release|Any CPU
		{E8A99BEB-5CAF-4AB3-A11A-A1F4FB281C99}.Release|x86.Deploy.0 = Release|Any CPU
	EndGlobalSection
	GlobalSection(SolutionProperties) = preSolution
		HideSolutionNode = FALSE
	EndGlobalSection
	GlobalSection(ExtensibilityGlobals) = postSolution
		SolutionGuid = {D0EAA0E6-057A-4C7D-A38A-14B495ECAE53}
	EndGlobalSection
EndGlobal
